// !$*UTF8*$!
{
	archiveVersion = 1;
	classes = {
	};
	objectVersion = 48;
	objects = {

/* Begin PBXBuildFile section */
		C32F25CA1FA12A2300B6C087 /* StopsListView.swift in Sources */ = {isa = PBXBuildFile; fileRef = C32F25C91FA12A2300B6C087 /* StopsListView.swift */; };
		C32F25CC1FA12FE300B6C087 /* StopsListView.xib in Resources */ = {isa = PBXBuildFile; fileRef = C32F25CB1FA12FE300B6C087 /* StopsListView.xib */; };
		C32F25D11FA1332B00B6C087 /* SetupXib.swift in Sources */ = {isa = PBXBuildFile; fileRef = C32F25D01FA1332B00B6C087 /* SetupXib.swift */; };
		C363F43F1F9BF4A0000606B0 /* MainTabBar.storyboard in Resources */ = {isa = PBXBuildFile; fileRef = C363F43E1F9BF4A0000606B0 /* MainTabBar.storyboard */; };
		C38DE8821F9A4BBA00D21B39 /* AppDelegate.swift in Sources */ = {isa = PBXBuildFile; fileRef = C38DE8811F9A4BBA00D21B39 /* AppDelegate.swift */; };
		C38DE8841F9A4BBA00D21B39 /* ViewController.swift in Sources */ = {isa = PBXBuildFile; fileRef = C38DE8831F9A4BBA00D21B39 /* ViewController.swift */; };
		C38DE8871F9A4BBA00D21B39 /* Main.storyboard in Resources */ = {isa = PBXBuildFile; fileRef = C38DE8851F9A4BBA00D21B39 /* Main.storyboard */; };
		C38DE8891F9A4BBA00D21B39 /* Assets.xcassets in Resources */ = {isa = PBXBuildFile; fileRef = C38DE8881F9A4BBA00D21B39 /* Assets.xcassets */; };
		C38DE88C1F9A4BBA00D21B39 /* LaunchScreen.storyboard in Resources */ = {isa = PBXBuildFile; fileRef = C38DE88A1F9A4BBA00D21B39 /* LaunchScreen.storyboard */; };
		E4628AB13AA76047ABC25CCD /* Pods_Przystanek.framework in Frameworks */ = {isa = PBXBuildFile; fileRef = B60019DAC44AF0D1DA50E229 /* Pods_Przystanek.framework */; };
/* End PBXBuildFile section */

/* Begin PBXFileReference section */
		7646A141C4286516CC981C89 /* Pods-Przystanek.release.xcconfig */ = {isa = PBXFileReference; includeInIndex = 1; lastKnownFileType = text.xcconfig; name = "Pods-Przystanek.release.xcconfig"; path = "Pods/Target Support Files/Pods-Przystanek/Pods-Przystanek.release.xcconfig"; sourceTree = "<group>"; };
		B60019DAC44AF0D1DA50E229 /* Pods_Przystanek.framework */ = {isa = PBXFileReference; explicitFileType = wrapper.framework; includeInIndex = 0; path = Pods_Przystanek.framework; sourceTree = BUILT_PRODUCTS_DIR; };
		C32F25C91FA12A2300B6C087 /* StopsListView.swift */ = {isa = PBXFileReference; lastKnownFileType = sourcecode.swift; path = StopsListView.swift; sourceTree = "<group>"; };
		C32F25CB1FA12FE300B6C087 /* StopsListView.xib */ = {isa = PBXFileReference; lastKnownFileType = file.xib; path = StopsListView.xib; sourceTree = "<group>"; };
		C32F25D01FA1332B00B6C087 /* SetupXib.swift */ = {isa = PBXFileReference; lastKnownFileType = sourcecode.swift; path = SetupXib.swift; sourceTree = "<group>"; };
		C363F43E1F9BF4A0000606B0 /* MainTabBar.storyboard */ = {isa = PBXFileReference; lastKnownFileType = file.storyboard; path = MainTabBar.storyboard; sourceTree = "<group>"; };
		C38DE87E1F9A4BBA00D21B39 /* Przystanek.app */ = {isa = PBXFileReference; explicitFileType = wrapper.application; includeInIndex = 0; path = Przystanek.app; sourceTree = BUILT_PRODUCTS_DIR; };
		C38DE8811F9A4BBA00D21B39 /* AppDelegate.swift */ = {isa = PBXFileReference; lastKnownFileType = sourcecode.swift; path = AppDelegate.swift; sourceTree = "<group>"; };
		C38DE8831F9A4BBA00D21B39 /* ViewController.swift */ = {isa = PBXFileReference; lastKnownFileType = sourcecode.swift; path = ViewController.swift; sourceTree = "<group>"; };
		C38DE8861F9A4BBA00D21B39 /* Base */ = {isa = PBXFileReference; lastKnownFileType = file.storyboard; name = Base; path = Base.lproj/Main.storyboard; sourceTree = "<group>"; };
		C38DE8881F9A4BBA00D21B39 /* Assets.xcassets */ = {isa = PBXFileReference; lastKnownFileType = folder.assetcatalog; path = Assets.xcassets; sourceTree = "<group>"; };
		C38DE88B1F9A4BBA00D21B39 /* Base */ = {isa = PBXFileReference; lastKnownFileType = file.storyboard; name = Base; path = Base.lproj/LaunchScreen.storyboard; sourceTree = "<group>"; };
		C38DE88D1F9A4BBA00D21B39 /* Info.plist */ = {isa = PBXFileReference; lastKnownFileType = text.plist.xml; path = Info.plist; sourceTree = "<group>"; };
		C63CC2DB419956A0D7AD3F9C /* Pods-Przystanek.debug.xcconfig */ = {isa = PBXFileReference; includeInIndex = 1; lastKnownFileType = text.xcconfig; name = "Pods-Przystanek.debug.xcconfig"; path = "Pods/Target Support Files/Pods-Przystanek/Pods-Przystanek.debug.xcconfig"; sourceTree = "<group>"; };
/* End PBXFileReference section */

/* Begin PBXFrameworksBuildPhase section */
		C38DE87B1F9A4BBA00D21B39 /* Frameworks */ = {
			isa = PBXFrameworksBuildPhase;
			buildActionMask = 2147483647;
			files = (
				E4628AB13AA76047ABC25CCD /* Pods_Przystanek.framework in Frameworks */,
			);
			runOnlyForDeploymentPostprocessing = 0;
		};
/* End PBXFrameworksBuildPhase section */

/* Begin PBXGroup section */
		A9BDEC009FAC211CD415F198 /* Pods */ = {
			isa = PBXGroup;
			children = (
				C63CC2DB419956A0D7AD3F9C /* Pods-Przystanek.debug.xcconfig */,
				7646A141C4286516CC981C89 /* Pods-Przystanek.release.xcconfig */,
			);
			name = Pods;
			sourceTree = "<group>";
		};
		BD7110E5B5DB6845A4FA399D /* Frameworks */ = {
			isa = PBXGroup;
			children = (
				B60019DAC44AF0D1DA50E229 /* Pods_Przystanek.framework */,
			);
			name = Frameworks;
			sourceTree = "<group>";
		};
		C32F25CD1FA12FF600B6C087 /* Extensions */ = {
			isa = PBXGroup;
			children = (
				C32F25CE1FA1301800B6C087 /* UIKit */,
			);
			path = Extensions;
			sourceTree = "<group>";
		};
		C32F25CE1FA1301800B6C087 /* UIKit */ = {
			isa = PBXGroup;
			children = (
				C32F25CF1FA130C400B6C087 /* UIView */,
			);
			path = UIKit;
			sourceTree = "<group>";
		};
		C32F25CF1FA130C400B6C087 /* UIView */ = {
			isa = PBXGroup;
			children = (
				C32F25D01FA1332B00B6C087 /* SetupXib.swift */,
			);
			path = UIView;
			sourceTree = "<group>";
		};
		C363F43D1F9BF408000606B0 /* MainTabBar */ = {
			isa = PBXGroup;
			children = (
				C363F43E1F9BF4A0000606B0 /* MainTabBar.storyboard */,
			);
			path = MainTabBar;
			sourceTree = "<group>";
		};
		C363F4401F9BF779000606B0 /* StopsList */ = {
			isa = PBXGroup;
			children = (
				C32F25C91FA12A2300B6C087 /* StopsListView.swift */,
				C32F25CB1FA12FE300B6C087 /* StopsListView.xib */,
			);
			path = StopsList;
			sourceTree = "<group>";
		};
		C363F4421F9BF813000606B0 /* StopsFavorites */ = {
			isa = PBXGroup;
			children = (
			);
			path = StopsFavorites;
			sourceTree = "<group>";
		};
		C38DE8751F9A4BBA00D21B39 = {
			isa = PBXGroup;
			children = (
				C38DE8801F9A4BBA00D21B39 /* Przystanek */,
				C38DE87F1F9A4BBA00D21B39 /* Products */,
				A9BDEC009FAC211CD415F198 /* Pods */,
				BD7110E5B5DB6845A4FA399D /* Frameworks */,
			);
			sourceTree = "<group>";
		};
		C38DE87F1F9A4BBA00D21B39 /* Products */ = {
			isa = PBXGroup;
			children = (
				C38DE87E1F9A4BBA00D21B39 /* Przystanek.app */,
			);
			name = Products;
			sourceTree = "<group>";
		};
		C38DE8801F9A4BBA00D21B39 /* Przystanek */ = {
			isa = PBXGroup;
			children = (
				C32F25CD1FA12FF600B6C087 /* Extensions */,
				C363F4421F9BF813000606B0 /* StopsFavorites */,
				C363F4401F9BF779000606B0 /* StopsList */,
				C363F43D1F9BF408000606B0 /* MainTabBar */,
				C38DE8931F9A4BCA00D21B39 /* Supporting Files */,
				C38DE8811F9A4BBA00D21B39 /* AppDelegate.swift */,
				C38DE8831F9A4BBA00D21B39 /* ViewController.swift */,
				C38DE8851F9A4BBA00D21B39 /* Main.storyboard */,
				C38DE88A1F9A4BBA00D21B39 /* LaunchScreen.storyboard */,
			);
			path = Przystanek;
			sourceTree = "<group>";
		};
		C38DE8931F9A4BCA00D21B39 /* Supporting Files */ = {
			isa = PBXGroup;
			children = (
				C38DE8881F9A4BBA00D21B39 /* Assets.xcassets */,
				C38DE88D1F9A4BBA00D21B39 /* Info.plist */,
			);
			path = "Supporting Files";
			sourceTree = "<group>";
		};
/* End PBXGroup section */

/* Begin PBXNativeTarget section */
		C38DE87D1F9A4BBA00D21B39 /* Przystanek */ = {
			isa = PBXNativeTarget;
			buildConfigurationList = C38DE8901F9A4BBA00D21B39 /* Build configuration list for PBXNativeTarget "Przystanek" */;
			buildPhases = (
				8B269AF6FE6C9F9E104FB5D5 /* [CP] Check Pods Manifest.lock */,
				C38DE87A1F9A4BBA00D21B39 /* Sources */,
				C38DE87B1F9A4BBA00D21B39 /* Frameworks */,
				C38DE87C1F9A4BBA00D21B39 /* Resources */,
				A72F114EB06E8EFB34DF96B1 /* [CP] Embed Pods Frameworks */,
				1D6E01901BF92A00B7F29C67 /* [CP] Copy Pods Resources */,
			);
			buildRules = (
			);
			dependencies = (
			);
			name = Przystanek;
			productName = Przystanek;
			productReference = C38DE87E1F9A4BBA00D21B39 /* Przystanek.app */;
			productType = "com.apple.product-type.application";
		};
/* End PBXNativeTarget section */

/* Begin PBXProject section */
		C38DE8761F9A4BBA00D21B39 /* Project object */ = {
			isa = PBXProject;
			attributes = {
				LastSwiftUpdateCheck = 0900;
				LastUpgradeCheck = 0900;
				ORGANIZATIONNAME = "Jakub Nykiel";
				TargetAttributes = {
					C38DE87D1F9A4BBA00D21B39 = {
						CreatedOnToolsVersion = 9.0.1;
						ProvisioningStyle = Automatic;
					};
				};
			};
			buildConfigurationList = C38DE8791F9A4BBA00D21B39 /* Build configuration list for PBXProject "Przystanek" */;
			compatibilityVersion = "Xcode 8.0";
			developmentRegion = en;
			hasScannedForEncodings = 0;
			knownRegions = (
				en,
				Base,
			);
			mainGroup = C38DE8751F9A4BBA00D21B39;
			productRefGroup = C38DE87F1F9A4BBA00D21B39 /* Products */;
			projectDirPath = "";
			projectRoot = "";
			targets = (
				C38DE87D1F9A4BBA00D21B39 /* Przystanek */,
			);
		};
/* End PBXProject section */

/* Begin PBXResourcesBuildPhase section */
		C38DE87C1F9A4BBA00D21B39 /* Resources */ = {
			isa = PBXResourcesBuildPhase;
			buildActionMask = 2147483647;
			files = (
				C38DE88C1F9A4BBA00D21B39 /* LaunchScreen.storyboard in Resources */,
				C363F43F1F9BF4A0000606B0 /* MainTabBar.storyboard in Resources */,
				C32F25CC1FA12FE300B6C087 /* StopsListView.xib in Resources */,
				C38DE8891F9A4BBA00D21B39 /* Assets.xcassets in Resources */,
				C38DE8871F9A4BBA00D21B39 /* Main.storyboard in Resources */,
			);
			runOnlyForDeploymentPostprocessing = 0;
		};
/* End PBXResourcesBuildPhase section */

/* Begin PBXShellScriptBuildPhase section */
		1D6E01901BF92A00B7F29C67 /* [CP] Copy Pods Resources */ = {
			isa = PBXShellScriptBuildPhase;
			buildActionMask = 2147483647;
			files = (
			);
			inputPaths = (
			);
			name = "[CP] Copy Pods Resources";
			outputPaths = (
			);
			runOnlyForDeploymentPostprocessing = 0;
			shellPath = /bin/sh;
			shellScript = "\"${SRCROOT}/Pods/Target Support Files/Pods-Przystanek/Pods-Przystanek-resources.sh\"\n";
			showEnvVarsInLog = 0;
		};
		8B269AF6FE6C9F9E104FB5D5 /* [CP] Check Pods Manifest.lock */ = {
			isa = PBXShellScriptBuildPhase;
			buildActionMask = 2147483647;
			files = (
			);
			inputPaths = (
				"${PODS_PODFILE_DIR_PATH}/Podfile.lock",
				"${PODS_ROOT}/Manifest.lock",
			);
			name = "[CP] Check Pods Manifest.lock";
			outputPaths = (
				"$(DERIVED_FILE_DIR)/Pods-Przystanek-checkManifestLockResult.txt",
			);
			runOnlyForDeploymentPostprocessing = 0;
			shellPath = /bin/sh;
			shellScript = "diff \"${PODS_PODFILE_DIR_PATH}/Podfile.lock\" \"${PODS_ROOT}/Manifest.lock\" > /dev/null\nif [ $? != 0 ] ; then\n    # print error to STDERR\n    echo \"error: The sandbox is not in sync with the Podfile.lock. Run 'pod install' or update your CocoaPods installation.\" >&2\n    exit 1\nfi\n# This output is used by Xcode 'outputs' to avoid re-running this script phase.\necho \"SUCCESS\" > \"${SCRIPT_OUTPUT_FILE_0}\"\n";
			showEnvVarsInLog = 0;
		};
		A72F114EB06E8EFB34DF96B1 /* [CP] Embed Pods Frameworks */ = {
			isa = PBXShellScriptBuildPhase;
			buildActionMask = 2147483647;
			files = (
			);
			inputPaths = (
				"${SRCROOT}/Pods/Target Support Files/Pods-Przystanek/Pods-Przystanek-frameworks.sh",
				"${BUILT_PRODUCTS_DIR}/Alamofire/Alamofire.framework",
				"${BUILT_PRODUCTS_DIR}/ObjectMapper/ObjectMapper.framework",
				"${BUILT_PRODUCTS_DIR}/RxSwift/RxSwift.framework",
			);
			name = "[CP] Embed Pods Frameworks";
			outputPaths = (
				"${TARGET_BUILD_DIR}/${FRAMEWORKS_FOLDER_PATH}/Alamofire.framework",
				"${TARGET_BUILD_DIR}/${FRAMEWORKS_FOLDER_PATH}/ObjectMapper.framework",
				"${TARGET_BUILD_DIR}/${FRAMEWORKS_FOLDER_PATH}/RxSwift.framework",
			);
			runOnlyForDeploymentPostprocessing = 0;
			shellPath = /bin/sh;
			shellScript = "\"${SRCROOT}/Pods/Target Support Files/Pods-Przystanek/Pods-Przystanek-frameworks.sh\"\n";
			showEnvVarsInLog = 0;
		};
/* End PBXShellScriptBuildPhase section */

/* Begin PBXSourcesBuildPhase section */
		C38DE87A1F9A4BBA00D21B39 /* Sources */ = {
			isa = PBXSourcesBuildPhase;
			buildActionMask = 2147483647;
			files = (
				C38DE8841F9A4BBA00D21B39 /* ViewController.swift in Sources */,
				C32F25D11FA1332B00B6C087 /* SetupXib.swift in Sources */,
				C38DE8821F9A4BBA00D21B39 /* AppDelegate.swift in Sources */,
				C32F25CA1FA12A2300B6C087 /* StopsListView.swift in Sources */,
			);
			runOnlyForDeploymentPostprocessing = 0;
		};
/* End PBXSourcesBuildPhase section */

/* Begin PBXVariantGroup section */
		C38DE8851F9A4BBA00D21B39 /* Main.storyboard */ = {
			isa = PBXVariantGroup;
			children = (
				C38DE8861F9A4BBA00D21B39 /* Base */,
			);
			name = Main.storyboard;
			sourceTree = "<group>";
		};
		C38DE88A1F9A4BBA00D21B39 /* LaunchScreen.storyboard */ = {
			isa = PBXVariantGroup;
			children = (
				C38DE88B1F9A4BBA00D21B39 /* Base */,
			);
			name = LaunchScreen.storyboard;
			sourceTree = "<group>";
		};
/* End PBXVariantGroup section */

/* Begin XCBuildConfiguration section */
		C38DE88E1F9A4BBA00D21B39 /* Debug */ = {
			isa = XCBuildConfiguration;
			buildSettings = {
				ALWAYS_SEARCH_USER_PATHS = NO;
				CLANG_ANALYZER_NONNULL = YES;
				CLANG_ANALYZER_NUMBER_OBJECT_CONVERSION = YES_AGGRESSIVE;
				CLANG_CXX_LANGUAGE_STANDARD = "gnu++14";
				CLANG_CXX_LIBRARY = "libc++";
				CLANG_ENABLE_MODULES = YES;
				CLANG_ENABLE_OBJC_ARC = YES;
				CLANG_WARN_BLOCK_CAPTURE_AUTORELEASING = YES;
				CLANG_WARN_BOOL_CONVERSION = YES;
				CLANG_WARN_COMMA = YES;
				CLANG_WARN_CONSTANT_CONVERSION = YES;
				CLANG_WARN_DIRECT_OBJC_ISA_USAGE = YES_ERROR;
				CLANG_WARN_DOCUMENTATION_COMMENTS = YES;
				CLANG_WARN_EMPTY_BODY = YES;
				CLANG_WARN_ENUM_CONVERSION = YES;
				CLANG_WARN_INFINITE_RECURSION = YES;
				CLANG_WARN_INT_CONVERSION = YES;
				CLANG_WARN_NON_LITERAL_NULL_CONVERSION = YES;
				CLANG_WARN_OBJC_LITERAL_CONVERSION = YES;
				CLANG_WARN_OBJC_ROOT_CLASS = YES_ERROR;
				CLANG_WARN_RANGE_LOOP_ANALYSIS = YES;
				CLANG_WARN_STRICT_PROTOTYPES = YES;
				CLANG_WARN_SUSPICIOUS_MOVE = YES;
				CLANG_WARN_UNGUARDED_AVAILABILITY = YES_AGGRESSIVE;
				CLANG_WARN_UNREACHABLE_CODE = YES;
				CLANG_WARN__DUPLICATE_METHOD_MATCH = YES;
				CODE_SIGN_IDENTITY = "iPhone Developer";
				COPY_PHASE_STRIP = NO;
				DEBUG_INFORMATION_FORMAT = dwarf;
				ENABLE_STRICT_OBJC_MSGSEND = YES;
				ENABLE_TESTABILITY = YES;
				GCC_C_LANGUAGE_STANDARD = gnu11;
				GCC_DYNAMIC_NO_PIC = NO;
				GCC_NO_COMMON_BLOCKS = YES;
				GCC_OPTIMIZATION_LEVEL = 0;
				GCC_PREPROCESSOR_DEFINITIONS = (
					"DEBUG=1",
					"$(inherited)",
				);
				GCC_WARN_64_TO_32_BIT_CONVERSION = YES;
				GCC_WARN_ABOUT_RETURN_TYPE = YES_ERROR;
				GCC_WARN_UNDECLARED_SELECTOR = YES;
				GCC_WARN_UNINITIALIZED_AUTOS = YES_AGGRESSIVE;
				GCC_WARN_UNUSED_FUNCTION = YES;
				GCC_WARN_UNUSED_VARIABLE = YES;
				IPHONEOS_DEPLOYMENT_TARGET = 11.0;
				MTL_ENABLE_DEBUG_INFO = YES;
				ONLY_ACTIVE_ARCH = YES;
				SDKROOT = iphoneos;
				SWIFT_ACTIVE_COMPILATION_CONDITIONS = DEBUG;
				SWIFT_OPTIMIZATION_LEVEL = "-Onone";
			};
			name = Debug;
		};
		C38DE88F1F9A4BBA00D21B39 /* Release */ = {
			isa = XCBuildConfiguration;
			buildSettings = {
				ALWAYS_SEARCH_USER_PATHS = NO;
				CLANG_ANALYZER_NONNULL = YES;
				CLANG_ANALYZER_NUMBER_OBJECT_CONVERSION = YES_AGGRESSIVE;
				CLANG_CXX_LANGUAGE_STANDARD = "gnu++14";
				CLANG_CXX_LIBRARY = "libc++";
				CLANG_ENABLE_MODULES = YES;
				CLANG_ENABLE_OBJC_ARC = YES;
				CLANG_WARN_BLOCK_CAPTURE_AUTORELEASING = YES;
				CLANG_WARN_BOOL_CONVERSION = YES;
				CLANG_WARN_COMMA = YES;
				CLANG_WARN_CONSTANT_CONVERSION = YES;
				CLANG_WARN_DIRECT_OBJC_ISA_USAGE = YES_ERROR;
				CLANG_WARN_DOCUMENTATION_COMMENTS = YES;
				CLANG_WARN_EMPTY_BODY = YES;
				CLANG_WARN_ENUM_CONVERSION = YES;
				CLANG_WARN_INFINITE_RECURSION = YES;
				CLANG_WARN_INT_CONVERSION = YES;
				CLANG_WARN_NON_LITERAL_NULL_CONVERSION = YES;
				CLANG_WARN_OBJC_LITERAL_CONVERSION = YES;
				CLANG_WARN_OBJC_ROOT_CLASS = YES_ERROR;
				CLANG_WARN_RANGE_LOOP_ANALYSIS = YES;
				CLANG_WARN_STRICT_PROTOTYPES = YES;
				CLANG_WARN_SUSPICIOUS_MOVE = YES;
				CLANG_WARN_UNGUARDED_AVAILABILITY = YES_AGGRESSIVE;
				CLANG_WARN_UNREACHABLE_CODE = YES;
				CLANG_WARN__DUPLICATE_METHOD_MATCH = YES;
				CODE_SIGN_IDENTITY = "iPhone Developer";
				COPY_PHASE_STRIP = NO;
				DEBUG_INFORMATION_FORMAT = "dwarf-with-dsym";
				ENABLE_NS_ASSERTIONS = NO;
				ENABLE_STRICT_OBJC_MSGSEND = YES;
				GCC_C_LANGUAGE_STANDARD = gnu11;
				GCC_NO_COMMON_BLOCKS = YES;
				GCC_WARN_64_TO_32_BIT_CONVERSION = YES;
				GCC_WARN_ABOUT_RETURN_TYPE = YES_ERROR;
				GCC_WARN_UNDECLARED_SELECTOR = YES;
				GCC_WARN_UNINITIALIZED_AUTOS = YES_AGGRESSIVE;
				GCC_WARN_UNUSED_FUNCTION = YES;
				GCC_WARN_UNUSED_VARIABLE = YES;
				IPHONEOS_DEPLOYMENT_TARGET = 11.0;
				MTL_ENABLE_DEBUG_INFO = NO;
				SDKROOT = iphoneos;
				SWIFT_OPTIMIZATION_LEVEL = "-Owholemodule";
				VALIDATE_PRODUCT = YES;
			};
			name = Release;
		};
		C38DE8911F9A4BBA00D21B39 /* Debug */ = {
			isa = XCBuildConfiguration;
			baseConfigurationReference = C63CC2DB419956A0D7AD3F9C /* Pods-Przystanek.debug.xcconfig */;
			buildSettings = {
				ASSETCATALOG_COMPILER_APPICON_NAME = AppIcon;
				CODE_SIGN_STYLE = Automatic;
				DEVELOPMENT_TEAM = 6454359TU3;
				INFOPLIST_FILE = "$(SRCROOT)/Przystanek/Supporting Files/Info.plist";
				LD_RUNPATH_SEARCH_PATHS = "$(inherited) @executable_path/Frameworks";
				PRODUCT_BUNDLE_IDENTIFIER = kulker.Przystanek;
				PRODUCT_NAME = "$(TARGET_NAME)";
				SWIFT_VERSION = 4.0;
				TARGETED_DEVICE_FAMILY = 1;
			};
			name = Debug;
		};
		C38DE8921F9A4BBA00D21B39 /* Release */ = {
			isa = XCBuildConfiguration;
			baseConfigurationReference = 7646A141C4286516CC981C89 /* Pods-Przystanek.release.xcconfig */;
			buildSettings = {
				ASSETCATALOG_COMPILER_APPICON_NAME = AppIcon;
				CODE_SIGN_STYLE = Automatic;
				DEVELOPMENT_TEAM = 6454359TU3;
				INFOPLIST_FILE = "$(SRCROOT)/Przystanek/Supporting Files/Info.plist";
				LD_RUNPATH_SEARCH_PATHS = "$(inherited) @executable_path/Frameworks";
				PRODUCT_BUNDLE_IDENTIFIER = kulker.Przystanek;
				PRODUCT_NAME = "$(TARGET_NAME)";
				SWIFT_VERSION = 4.0;
				TARGETED_DEVICE_FAMILY = 1;
			};
			name = Release;
		};
/* End XCBuildConfiguration section */

/* Begin XCConfigurationList section */
		C38DE8791F9A4BBA00D21B39 /* Build configuration list for PBXProject "Przystanek" */ = {
			isa = XCConfigurationList;
			buildConfigurations = (
				C38DE88E1F9A4BBA00D21B39 /* Debug */,
				C38DE88F1F9A4BBA00D21B39 /* Release */,
			);
			defaultConfigurationIsVisible = 0;
			defaultConfigurationName = Release;
		};
		C38DE8901F9A4BBA00D21B39 /* Build configuration list for PBXNativeTarget "Przystanek" */ = {
			isa = XCConfigurationList;
			buildConfigurations = (
				C38DE8911F9A4BBA00D21B39 /* Debug */,
				C38DE8921F9A4BBA00D21B39 /* Release */,
			);
			defaultConfigurationIsVisible = 0;
			defaultConfigurationName = Release;
		};
/* End XCConfigurationList section */
	};
	rootObject = C38DE8761F9A4BBA00D21B39 /* Project object */;
}
